
Microsoft Visual Studio Solution File, Format Version 12.00
# Visual Studio Version 17
VisualStudioVersion = 17.8.34525.116
MinimumVisualStudioVersion = 10.0.40219.1
Project("{FAE04EC0-301F-11D3-BF4B-00C04F79EFBC}") = "OpenWithMullvad", "OpenWithMullvad.csproj", "{87C3BD06-5003-4FB0-8033-3287BBAA5625}"
EndProject
Global
	GlobalSection(SolutionConfigurationPlatforms) = preSolution
		Debug|Any CPU = Debug|Any CPU
		Release|Any CPU = Release|Any CPU
	EndGlobalSection
	GlobalSection(ProjectConfigurationPlatforms) = postSolution
		{87C3BD06-5003-4FB0-8033-3287BBAA5625}.Debug|Any CPU.ActiveCfg = Debug|Any CPU
		{87C3BD06-5003-4FB0-8033-3287BBAA5625}.Debug|Any CPU.Build.0 = Debug|Any CPU
		{87C3BD06-5003-4FB0-8033-3287BBAA5625}.Release|Any CPU.ActiveCfg = Release|Any CPU
		{87C3BD06-5003-4FB0-8033-3287BBAA5625}.Release|Any CPU.Build.0 = Release|Any CPU
	EndGlobalSection
	GlobalSection(SolutionProperties) = preSolution
		HideSolutionNode = FALSE
	EndGlobalSection
	GlobalSection(ExtensibilityGlobals) = postSolution
		SolutionGuid = {C6BBEBB6-5E8B-44FA-A8E9-E4660FA50B83}
	EndGlobalSection
EndGlobal
